
Microsoft Visual Studio Solution File, Format Version 12.00
# Visual Studio Version 17
VisualStudioVersion = 17.13.35825.156 d17.13
MinimumVisualStudioVersion = 10.0.40219.1
Project("{FAE04EC0-301F-11D3-BF4B-00C04F79EFBC}") = "Ejercicio1_Lab3", "Ejercicio1_Lab3\Ejercicio1_Lab3.csproj", "{6BE59590-CBD3-43CC-ABBC-06A148382AA1}"
EndProject
Project("{FAE04EC0-301F-11D3-BF4B-00C04F79EFBC}") = "Ejercicio2_Lab3", "Ejercicio2_Lab3\Ejercicio2_Lab3.csproj", "{5A94A080-3A0A-4623-AEED-212290C9D950}"
EndProject
Project("{FAE04EC0-301F-11D3-BF4B-00C04F79EFBC}") = "Ejercicio3_Lab3", "Ejercicio3_Lab3\Ejercicio3_Lab3.csproj", "{92D4DAB1-3033-49C6-A6A8-21ADF1CC5FB5}"
EndProject
Global
	GlobalSection(SolutionConfigurationPlatforms) = preSolution
		Debug|Any CPU = Debug|Any CPU
		Release|Any CPU = Release|Any CPU
	EndGlobalSection
	GlobalSection(ProjectConfigurationPlatforms) = postSolution
		{6BE59590-CBD3-43CC-ABBC-06A148382AA1}.Debug|Any CPU.ActiveCfg = Debug|Any CPU
		{6BE59590-CBD3-43CC-ABBC-06A148382AA1}.Debug|Any CPU.Build.0 = Debug|Any CPU
		{6BE59590-CBD3-43CC-ABBC-06A148382AA1}.Release|Any CPU.ActiveCfg = Release|Any CPU
		{6BE59590-CBD3-43CC-ABBC-06A148382AA1}.Release|Any CPU.Build.0 = Release|Any CPU
		{5A94A080-3A0A-4623-AEED-212290C9D950}.Debug|Any CPU.ActiveCfg = Debug|Any CPU
		{5A94A080-3A0A-4623-AEED-212290C9D950}.Debug|Any CPU.Build.0 = Debug|Any CPU
		{5A94A080-3A0A-4623-AEED-212290C9D950}.Release|Any CPU.ActiveCfg = Release|Any CPU
		{5A94A080-3A0A-4623-AEED-212290C9D950}.Release|Any CPU.Build.0 = Release|Any CPU
		{92D4DAB1-3033-49C6-A6A8-21ADF1CC5FB5}.Debug|Any CPU.ActiveCfg = Debug|Any CPU
		{92D4DAB1-3033-49C6-A6A8-21ADF1CC5FB5}.Debug|Any CPU.Build.0 = Debug|Any CPU
		{92D4DAB1-3033-49C6-A6A8-21ADF1CC5FB5}.Release|Any CPU.ActiveCfg = Release|Any CPU
		{92D4DAB1-3033-49C6-A6A8-21ADF1CC5FB5}.Release|Any CPU.Build.0 = Release|Any CPU
	EndGlobalSection
	GlobalSection(SolutionProperties) = preSolution
		HideSolutionNode = FALSE
	EndGlobalSection
	GlobalSection(ExtensibilityGlobals) = postSolution
		SolutionGuid = {9FD76898-33B2-44AE-B010-CF1ABB8939D3}
	EndGlobalSection
EndGlobal
